
Microsoft Visual Studio Solution File, Format Version 12.00
# Visual Studio Version 16
VisualStudioVersion = 16.0.32602.291
MinimumVisualStudioVersion = 10.0.40219.1
Project("{FAE04EC0-301F-11D3-BF4B-00C04F79EFBC}") = "Daily_Collection", "Daily_Collection\Daily_Collection.csproj", "{38DEEE0A-79BF-41EB-B762-82A7AF69D9FA}"
EndProject
Global
	GlobalSection(SolutionConfigurationPlatforms) = preSolution
		Debug|Any CPU = Debug|Any CPU
		Release|Any CPU = Release|Any CPU
	EndGlobalSection
	GlobalSection(ProjectConfigurationPlatforms) = postSolution
		{38DEEE0A-79BF-41EB-B762-82A7AF69D9FA}.Debug|Any CPU.ActiveCfg = Debug|Any CPU
		{38DEEE0A-79BF-41EB-B762-82A7AF69D9FA}.Debug|Any CPU.Build.0 = Debug|Any CPU
		{38DEEE0A-79BF-41EB-B762-82A7AF69D9FA}.Release|Any CPU.ActiveCfg = Release|Any CPU
		{38DEEE0A-79BF-41EB-B762-82A7AF69D9FA}.Release|Any CPU.Build.0 = Release|Any CPU
	EndGlobalSection
	GlobalSection(SolutionProperties) = preSolution
		HideSolutionNode = FALSE
	EndGlobalSection
	GlobalSection(ExtensibilityGlobals) = postSolution
		SolutionGuid = {0EB34FF0-D172-4E5B-AD81-93F3A2811B42}
	EndGlobalSection
EndGlobal
